version = 1
revision = 3
requires-python = ">=3.14"

[[package]]
name = "aiosqlite"
version = "0.22.1"
source = { registry = "https://pypi.org/simple" }
sdist = { url = "https://files.pythonhosted.org/packages/4e/8a/64761f4005f17809769d23e518d915db74e6310474e733e3593cfc854ef1/aiosqlite-0.22.1.tar.gz", hash = "sha256:043e0bd78d32888c0a9ca90fc788b38796843360c855a7262a532813133a0650", size = 14821, upload-time = "2025-12-23T19:25:43.997Z" }
wheels = [
    { url = "https://files.pythonhosted.org/packages/00/b7/e3bf5133d697a08128598c8d0abc5e16377b51465a33756de24fa7dee953/aiosqlite-0.22.1-py3-none-any.whl", hash = "sha256:21c002eb13823fad740196c5a2e9d8e62f6243bd9e7e4a1f87fb5e44ecb4fceb", size = 17405, upload-time = "2025-12-23T19:25:42.139Z" },
]

[[package]]
name = "dill"
version = "0.4.1"
source = { registry = "https://pypi.org/simple" }
sdist = { url = "https://files.pythonhosted.org/packages/81/e1/56027a71e31b02ddc53c7d65b01e68edf64dea2932122fe7746a516f75d5/dill-0.4.1.tar.gz", hash = "sha256:423092df4182177d4d8ba8290c8a5b640c66ab35ec7da59ccfa00f6fa3eea5fa", size = 187315, upload-time = "2026-01-19T02:36:56.85Z" }
wheels = [
    { url = "https://files.pythonhosted.org/packages/1e/77/dc8c558f7593132cf8fefec57c4f60c83b16941c574ac5f619abb3ae7933/dill-0.4.1-py3-none-any.whl", hash = "sha256:1e1ce33e978ae97fcfcff5638477032b801c46c7c65cf717f95fbc2248f79a9d", size = 120019, upload-time = "2026-01-19T02:36:55.663Z" },
]

[[package]]
name = "inquirerpy"
version = "0.3.4"
source = { registry = "https://pypi.org/simple" }
dependencies = [
    { name = "pfzy" },
    { name = "prompt-toolkit" },
]
sdist = { url = "https://files.pythonhosted.org/packages/64/73/7570847b9da026e07053da3bbe2ac7ea6cde6bb2cbd3c7a5a950fa0ae40b/InquirerPy-0.3.4.tar.gz", hash = "sha256:89d2ada0111f337483cb41ae31073108b2ec1e618a49d7110b0d7ade89fc197e", size = 44431, upload-time = "2022-06-27T23:11:20.598Z" }
wheels = [
    { url = "https://files.pythonhosted.org/packages/ce/ff/3b59672c47c6284e8005b42e84ceba13864aa0f39f067c973d1af02f5d91/InquirerPy-0.3.4-py3-none-any.whl", hash = "sha256:c65fdfbac1fa00e3ee4fb10679f4d3ed7a012abf4833910e63c295827fe2a7d4", size = 67677, upload-time = "2022-06-27T23:11:17.723Z" },
]

[[package]]
name = "multiprocess"
version = "0.70.14"
source = { registry = "https://pypi.org/simple" }
dependencies = [
    { name = "dill" },
]
sdist = { url = "https://files.pythonhosted.org/packages/e3/ab/9aafc121c6a3d2470ccdf28f99897e88d324c948893b30e46cb359f595e3/multiprocess-0.70.14.tar.gz", hash = "sha256:3eddafc12f2260d27ae03fe6069b12570ab4764ab59a75e81624fac453fbf46a", size = 1498053, upload-time = "2022-10-24T02:29:44.912Z" }
wheels = [
    { url = "https://files.pythonhosted.org/packages/b8/0c/c26b346b41bb1f81ac921fa10074a9595c22e5f99cc89c0410fc4efd5df3/multiprocess-0.70.14-py310-none-any.whl", hash = "sha256:7dc1f2f6a1d34894c8a9a013fbc807971e336e7cc3f3ff233e61b9dc679b3b5c", size = 134316, upload-time = "2022-10-24T02:29:36.256Z" },
    { url = "https://files.pythonhosted.org/packages/f1/00/c1b90843cb80e6a1911f480e92a92b1258efcdd32ed4fe87449703416fc4/multiprocess-0.70.14-py37-none-any.whl", hash = "sha256:93a8208ca0926d05cdbb5b9250a604c401bed677579e96c14da3090beb798193", size = 115684, upload-time = "2022-10-24T02:29:38.553Z" },
    { url = "https://files.pythonhosted.org/packages/13/95/8b875a678c6f9db81809dd5d6032e9f8628426e37f6aa6b7d404ba582de1/multiprocess-0.70.14-py38-none-any.whl", hash = "sha256:6725bc79666bbd29a73ca148a0fb5f4ea22eed4a8f22fce58296492a02d18a7b", size = 132003, upload-time = "2022-10-24T02:29:40.306Z" },
    { url = "https://files.pythonhosted.org/packages/6a/f4/fbeb03ef7abdda54db4a6a75c971b88ab73d724ff09e3275cc1e99f1c946/multiprocess-0.70.14-py39-none-any.whl", hash = "sha256:63cee628b74a2c0631ef15da5534c8aedbc10c38910b9c8b18dcd327528d1ec7", size = 132855, upload-time = "2022-10-24T02:29:41.889Z" },
]

[[package]]
name = "orjson"
version = "3.11.7"
source = { registry = "https://pypi.org/simple" }
sdist = { url = "https://files.pythonhosted.org/packages/53/45/b268004f745ede84e5798b48ee12b05129d19235d0e15267aa57dcdb400b/orjson-3.11.7.tar.gz", hash = "sha256:9b1a67243945819ce55d24a30b59d6a168e86220452d2c96f4d1f093e71c0c49", size = 6144992, upload-time = "2026-02-02T15:38:49.29Z" }
wheels = [
    { url = "https://files.pythonhosted.org/packages/e9/1e/745565dca749813db9a093c5ebc4bac1a9475c64d54b95654336ac3ed961/orjson-3.11.7-cp314-cp314-macosx_10_15_x86_64.macosx_11_0_arm64.macosx_10_15_universal2.whl", hash = "sha256:de0a37f21d0d364954ad5de1970491d7fbd0fb1ef7417d4d56a36dc01ba0c0a0", size = 228391, upload-time = "2026-02-02T15:38:27.757Z" },
    { url = "https://files.pythonhosted.org/packages/46/19/e40f6225da4d3aa0c8dc6e5219c5e87c2063a560fe0d72a88deb59776794/orjson-3.11.7-cp314-cp314-macosx_15_0_arm64.whl", hash = "sha256:c2428d358d85e8da9d37cba18b8c4047c55222007a84f97156a5b22028dfbfc0", size = 125188, upload-time = "2026-02-02T15:38:29.241Z" },
    { url = "https://files.pythonhosted.org/packages/9d/7e/c4de2babef2c0817fd1f048fd176aa48c37bec8aef53d2fa932983032cce/orjson-3.11.7-cp314-cp314-manylinux_2_17_aarch64.manylinux2014_aarch64.whl", hash = "sha256:3c4bc6c6ac52cdaa267552544c73e486fecbd710b7ac09bc024d5a78555a22f6", size = 128097, upload-time = "2026-02-02T15:38:30.618Z" },
    { url = "https://files.pythonhosted.org/packages/eb/74/233d360632bafd2197f217eee7fb9c9d0229eac0c18128aee5b35b0014fe/orjson-3.11.7-cp314-cp314-manylinux_2_17_armv7l.manylinux2014_armv7l.whl", hash = "sha256:bd0d68edd7dfca1b2eca9361a44ac9f24b078de3481003159929a0573f21a6bf", size = 123364, upload-time = "2026-02-02T15:38:32.363Z" },
    { url = "https://files.pythonhosted.org/packages/79/51/af79504981dd31efe20a9e360eb49c15f06df2b40e7f25a0a52d9ae888e8/orjson-3.11.7-cp314-cp314-manylinux_2_17_i686.manylinux2014_i686.whl", hash = "sha256:623ad1b9548ef63886319c16fa317848e465a21513b31a6ad7b57443c3e0dcf5", size = 129076, upload-time = "2026-02-02T15:38:33.68Z" },
    { url = "https://files.pythonhosted.org/packages/67/e2/da898eb68b72304f8de05ca6715870d09d603ee98d30a27e8a9629abc64b/orjson-3.11.7-cp314-cp314-manylinux_2_17_ppc64le.manylinux2014_ppc64le.whl", hash = "sha256:6e776b998ac37c0396093d10290e60283f59cfe0fc3fccbd0ccc4bd04dd19892", size = 141705, upload-time = "2026-02-02T15:38:34.989Z" },
    { url = "https://files.pythonhosted.org/packages/c5/89/15364d92acb3d903b029e28d834edb8780c2b97404cbf7929aa6b9abdb24/orjson-3.11.7-cp314-cp314-manylinux_2_17_s390x.manylinux2014_s390x.whl", hash = "sha256:652c6c3af76716f4a9c290371ba2e390ede06f6603edb277b481daf37f6f464e", size = 130855, upload-time = "2026-02-02T15:38:36.379Z" },
    { url = "https://files.pythonhosted.org/packages/c2/8b/ecdad52d0b38d4b8f514be603e69ccd5eacf4e7241f972e37e79792212ec/orjson-3.11.7-cp314-cp314-manylinux_2_17_x86_64.manylinux2014_x86_64.whl", hash = "sha256:a56df3239294ea5964adf074c54bcc4f0ccd21636049a2cf3ca9cf03b5d03cf1", size = 133386, upload-time = "2026-02-02T15:38:37.704Z" },
    { url = "https://files.pythonhosted.org/packages/b9/0e/45e1dcf10e17d0924b7c9162f87ec7b4ca79e28a0548acf6a71788d3e108/orjson-3.11.7-cp314-cp314-musllinux_1_2_aarch64.whl", hash = "sha256:bda117c4148e81f746655d5a3239ae9bd00cb7bc3ca178b5fc5a5997e9744183", size = 138295, upload-time = "2026-02-02T15:38:39.096Z" },
    { url = "https://files.pythonhosted.org/packages/63/d7/4d2e8b03561257af0450f2845b91fbd111d7e526ccdf737267108075e0ba/orjson-3.11.7-cp314-cp314-musllinux_1_2_armv7l.whl", hash = "sha256:23d6c20517a97a9daf1d48b580fcdc6f0516c6f4b5038823426033690b4d2650", size = 408720, upload-time = "2026-02-02T15:38:40.634Z" },
    { url = "https://files.pythonhosted.org/packages/78/cf/d45343518282108b29c12a65892445fc51f9319dc3c552ceb51bb5905ed2/orjson-3.11.7-cp314-cp314-musllinux_1_2_i686.whl", hash = "sha256:8ff206156006da5b847c9304b6308a01e8cdbc8cce824e2779a5ba71c3def141", size = 144152, upload-time = "2026-02-02T15:38:42.262Z" },
    { url = "https://files.pythonhosted.org/packages/a9/3a/d6001f51a7275aacd342e77b735c71fa04125a3f93c36fee4526bc8c654e/orjson-3.11.7-cp314-cp314-musllinux_1_2_x86_64.whl", hash = "sha256:962d046ee1765f74a1da723f4b33e3b228fe3a48bd307acce5021dfefe0e29b2", size = 134814, upload-time = "2026-02-02T15:38:43.627Z" },
    { url = "https://files.pythonhosted.org/packages/1d/d3/f19b47ce16820cc2c480f7f1723e17f6d411b3a295c60c8ad3aa9ff1c96a/orjson-3.11.7-cp314-cp314-win32.whl", hash = "sha256:89e13dd3f89f1c38a9c9eba5fbf7cdc2d1feca82f5f290864b4b7a6aac704576", size = 127997, upload-time = "2026-02-02T15:38:45.06Z" },
    { url = "https://files.pythonhosted.org/packages/12/df/172771902943af54bf661a8d102bdf2e7f932127968080632bda6054b62c/orjson-3.11.7-cp314-cp314-win_amd64.whl", hash = "sha256:845c3e0d8ded9c9271cd79596b9b552448b885b97110f628fb687aee2eed11c1", size = 124985, upload-time = "2026-02-02T15:38:46.388Z" },
    { url = "https://files.pythonhosted.org/packages/6f/1c/f2a8d8a1b17514660a614ce5f7aac74b934e69f5abc2700cc7ced882a009/orjson-3.11.7-cp314-cp314-win_arm64.whl", hash = "sha256:4a2e9c5be347b937a2e0203866f12bba36082e89b402ddb9e927d5822e43088d", size = 126038, upload-time = "2026-02-02T15:38:47.703Z" },
]

[[package]]
name = "pfzy"
version = "0.3.4"
source = { registry = "https://pypi.org/simple" }
sdist = { url = "https://files.pythonhosted.org/packages/d9/5a/32b50c077c86bfccc7bed4881c5a2b823518f5450a30e639db5d3711952e/pfzy-0.3.4.tar.gz", hash = "sha256:717ea765dd10b63618e7298b2d98efd819e0b30cd5905c9707223dceeb94b3f1", size = 8396, upload-time = "2022-01-28T02:26:17.946Z" }
wheels = [
    { url = "https://files.pythonhosted.org/packages/8c/d7/8ff98376b1acc4503253b685ea09981697385ce344d4e3935c2af49e044d/pfzy-0.3.4-py3-none-any.whl", hash = "sha256:5f50d5b2b3207fa72e7ec0ef08372ef652685470974a107d0d4999fc5a903a96", size = 8537, upload-time = "2022-01-28T02:26:16.047Z" },
]

[[package]]
name = "prompt-toolkit"
version = "3.0.52"
source = { registry = "https://pypi.org/simple" }
dependencies = [
    { name = "wcwidth" },
]
sdist = { url = "https://files.pythonhosted.org/packages/a1/96/06e01a7b38dce6fe1db213e061a4602dd6032a8a97ef6c1a862537732421/prompt_toolkit-3.0.52.tar.gz", hash = "sha256:28cde192929c8e7321de85de1ddbe736f1375148b02f2e17edd840042b1be855", size = 434198, upload-time = "2025-08-27T15:24:02.057Z" }
wheels = [
    { url = "https://files.pythonhosted.org/packages/84/03/0d3ce49e2505ae70cf43bc5bb3033955d2fc9f932163e84dc0779cc47f48/prompt_toolkit-3.0.52-py3-none-any.whl", hash = "sha256:9aac639a3bbd33284347de5ad8d68ecc044b91a762dc39b7c21095fcd6a19955", size = 391431, upload-time = "2025-08-27T15:23:59.498Z" },
]

[[package]]
name = "robyn"
version = "0.78.0"
source = { registry = "https://pypi.org/simple" }
dependencies = [
    { name = "inquirerpy" },
    { name = "multiprocess" },
    { name = "orjson" },
    { name = "rustimport" },
    { name = "uvloop", marker = "platform_machine != 'armv7l' and platform_python_implementation == 'CPython' and sys_platform != 'win32'" },
    { name = "watchdog" },
]
wheels = [
    { url = "https://files.pythonhosted.org/packages/95/eb/cd76a7e714e0ea023606a799a3229b4582be90287fbdab7514e8069f080d/robyn-0.78.0-cp314-cp314-macosx_10_12_x86_64.macosx_11_0_arm64.macosx_10_12_universal2.whl", hash = "sha256:aac6449c4359709b0648da01357c44caa2b46f6b93845a3ec432720c8d9e730f", size = 3259668, upload-time = "2026-02-15T07:17:42.174Z" },
    { url = "https://files.pythonhosted.org/packages/27/2b/543ce1048498246440280a5b0b4bcdffea4d7f1f99c150c4e0a9ab9666bf/robyn-0.78.0-cp314-cp314-macosx_10_12_x86_64.whl", hash = "sha256:d7154cebcd455b48903892644fa885571f12ab4d7ffb8fc7862a720464edd85a", size = 1746471, upload-time = "2026-02-15T07:17:43.702Z" },
    { url = "https://files.pythonhosted.org/packages/6a/12/bd21ac7c62208e5136520ae25508d223498f68afc0586bfcf607692b0b88/robyn-0.78.0-cp314-cp314-manylinux_2_12_i686.manylinux2010_i686.whl", hash = "sha256:4527178ed3f644d0239334e0a33622b3530e8f09a4900211888768dc50771883", size = 1870278, upload-time = "2026-02-15T07:17:46.075Z" },
    { url = "https://files.pythonhosted.org/packages/3e/c9/86a3bd29e1684fd75cff56bc2afcc17802a8d20b51ed3cbf6b3fbab2d15c/robyn-0.78.0-cp314-cp314-manylinux_2_17_x86_64.manylinux2014_x86_64.whl", hash = "sha256:78c11d46d77f814e4d6827a658e2e505f0fe2b56ad0cbbb1df30e9eeed07f876", size = 1865712, upload-time = "2026-02-15T07:17:47.572Z" },
    { url = "https://files.pythonhosted.org/packages/38/e2/9d83890b1ee6cbc4dd2fde182ea694c5bbf6ee204fbaad296226d0b1c6f1/robyn-0.78.0-cp314-cp314-win32.whl", hash = "sha256:7b7e53fdbe737a47ba42c317beba7d3ecfcf9a3d0faa1235b774f40b49fb4ac0", size = 1615332, upload-time = "2026-02-15T07:17:49.326Z" },
    { url = "https://files.pythonhosted.org/packages/a1/c9/1e2ee75084101f5c3f730d6051bdb726d7350948cefc8850af5d4376b41b/robyn-0.78.0-cp314-cp314-win_amd64.whl", hash = "sha256:7bd1d2db53e881b1c0a4ed14729a1c8b1d864afd2f70775a74957e5f75985981", size = 1698080, upload-time = "2026-02-15T07:17:50.735Z" },
]

[[package]]
name = "rustimport"
version = "1.3.4"
source = { registry = "https://pypi.org/simple" }
dependencies = [
    { name = "toml" },
]
sdist = { url = "https://files.pythonhosted.org/packages/95/83/090f4be41dfbfd120a5fe0ed82b1857083bafe0928e876480d72a63e8bf3/rustimport-1.3.4.tar.gz", hash = "sha256:ba80e3c28af07ba3910ad395613d01f9e421bfb59fbb1ac050e2b5d9b78b4980", size = 28817, upload-time = "2023-07-13T14:52:23.479Z" }
wheels = [
    { url = "https://files.pythonhosted.org/packages/5d/e6/376cc02c6ec2dd29de14225bd322ea742b0b864c05c62abe40208ce64ebd/rustimport-1.3.4-py3-none-any.whl", hash = "sha256:f2b931ff4e0fa931028066a7dacaae449b1a4601fe7a553c35f3dd63aba97ce0", size = 26341, upload-time = "2023-07-13T14:52:21.789Z" },
]

[[package]]
name = "staffsec-desktop"
version = "0.1.0"
source = { virtual = "." }
dependencies = [
    { name = "aiosqlite" },
    { name = "robyn" },
]

[package.metadata]
requires-dist = [
    { name = "aiosqlite", specifier = ">=0.22.1" },
    { name = "robyn", specifier = ">=0.78.0" },
]

[[package]]
name = "toml"
version = "0.10.2"
source = { registry = "https://pypi.org/simple" }
sdist = { url = "https://files.pythonhosted.org/packages/be/ba/1f744cdc819428fc6b5084ec34d9b30660f6f9daaf70eead706e3203ec3c/toml-0.10.2.tar.gz", hash = "sha256:b3bda1d108d5dd99f4a20d24d9c348e91c4db7ab1b749200bded2f839ccbe68f", size = 22253, upload-time = "2020-11-01T01:40:22.204Z" }
wheels = [
    { url = "https://files.pythonhosted.org/packages/44/6f/7120676b6d73228c96e17f1f794d8ab046fc910d781c8d151120c3f1569e/toml-0.10.2-py2.py3-none-any.whl", hash = "sha256:806143ae5bfb6a3c6e736a764057db0e6a0e05e338b5630894a5f779cabb4f9b", size = 16588, upload-time = "2020-11-01T01:40:20.672Z" },
]

[[package]]
name = "uvloop"
version = "0.22.1"
source = { registry = "https://pypi.org/simple" }
sdist = { url = "https://files.pythonhosted.org/packages/06/f0/18d39dbd1971d6d62c4629cc7fa67f74821b0dc1f5a77af43719de7936a7/uvloop-0.22.1.tar.gz", hash = "sha256:6c84bae345b9147082b17371e3dd5d42775bddce91f885499017f4607fdaf39f", size = 2443250, upload-time = "2025-10-16T22:17:19.342Z" }
wheels = [
    { url = "https://files.pythonhosted.org/packages/90/cd/b62bdeaa429758aee8de8b00ac0dd26593a9de93d302bff3d21439e9791d/uvloop-0.22.1-cp314-cp314-macosx_10_13_universal2.whl", hash = "sha256:3879b88423ec7e97cd4eba2a443aa26ed4e59b45e6b76aabf13fe2f27023a142", size = 1362067, upload-time = "2025-10-16T22:16:44.503Z" },
    { url = "https://files.pythonhosted.org/packages/0d/f8/a132124dfda0777e489ca86732e85e69afcd1ff7686647000050ba670689/uvloop-0.22.1-cp314-cp314-macosx_10_13_x86_64.whl", hash = "sha256:4baa86acedf1d62115c1dc6ad1e17134476688f08c6efd8a2ab076e815665c74", size = 752423, upload-time = "2025-10-16T22:16:45.968Z" },
    { url = "https://files.pythonhosted.org/packages/a3/94/94af78c156f88da4b3a733773ad5ba0b164393e357cc4bd0ab2e2677a7d6/uvloop-0.22.1-cp314-cp314-manylinux2014_aarch64.manylinux_2_17_aarch64.manylinux_2_28_aarch64.whl", hash = "sha256:297c27d8003520596236bdb2335e6b3f649480bd09e00d1e3a99144b691d2a35", size = 4272437, upload-time = "2025-10-16T22:16:47.451Z" },
    { url = "https://files.pythonhosted.org/packages/b5/35/60249e9fd07b32c665192cec7af29e06c7cd96fa1d08b84f012a56a0b38e/uvloop-0.22.1-cp314-cp314-manylinux2014_x86_64.manylinux_2_17_x86_64.manylinux_2_28_x86_64.whl", hash = "sha256:c1955d5a1dd43198244d47664a5858082a3239766a839b2102a269aaff7a4e25", size = 4292101, upload-time = "2025-10-16T22:16:49.318Z" },
    { url = "https://files.pythonhosted.org/packages/02/62/67d382dfcb25d0a98ce73c11ed1a6fba5037a1a1d533dcbb7cab033a2636/uvloop-0.22.1-cp314-cp314-musllinux_1_2_aarch64.whl", hash = "sha256:b31dc2fccbd42adc73bc4e7cdbae4fc5086cf378979e53ca5d0301838c5682c6", size = 4114158, upload-time = "2025-10-16T22:16:50.517Z" },
    { url = "https://files.pythonhosted.org/packages/f0/7a/f1171b4a882a5d13c8b7576f348acfe6074d72eaf52cccef752f748d4a9f/uvloop-0.22.1-cp314-cp314-musllinux_1_2_x86_64.whl", hash = "sha256:93f617675b2d03af4e72a5333ef89450dfaa5321303ede6e67ba9c9d26878079", size = 4177360, upload-time = "2025-10-16T22:16:52.646Z" },
    { url = "https://files.pythonhosted.org/packages/79/7b/b01414f31546caf0919da80ad57cbfe24c56b151d12af68cee1b04922ca8/uvloop-0.22.1-cp314-cp314t-macosx_10_13_universal2.whl", hash = "sha256:37554f70528f60cad66945b885eb01f1bb514f132d92b6eeed1c90fd54ed6289", size = 1454790, upload-time = "2025-10-16T22:16:54.355Z" },
    { url = "https://files.pythonhosted.org/packages/d4/31/0bb232318dd838cad3fa8fb0c68c8b40e1145b32025581975e18b11fab40/uvloop-0.22.1-cp314-cp314t-macosx_10_13_x86_64.whl", hash = "sha256:b76324e2dc033a0b2f435f33eb88ff9913c156ef78e153fb210e03c13da746b3", size = 796783, upload-time = "2025-10-16T22:16:55.906Z" },
    { url = "https://files.pythonhosted.org/packages/42/38/c9b09f3271a7a723a5de69f8e237ab8e7803183131bc57c890db0b6bb872/uvloop-0.22.1-cp314-cp314t-manylinux2014_aarch64.manylinux_2_17_aarch64.manylinux_2_28_aarch64.whl", hash = "sha256:badb4d8e58ee08dad957002027830d5c3b06aea446a6a3744483c2b3b745345c", size = 4647548, upload-time = "2025-10-16T22:16:57.008Z" },
    { url = "https://files.pythonhosted.org/packages/c1/37/945b4ca0ac27e3dc4952642d4c900edd030b3da6c9634875af6e13ae80e5/uvloop-0.22.1-cp314-cp314t-manylinux2014_x86_64.manylinux_2_17_x86_64.manylinux_2_28_x86_64.whl", hash = "sha256:b91328c72635f6f9e0282e4a57da7470c7350ab1c9f48546c0f2866205349d21", size = 4467065, upload-time = "2025-10-16T22:16:58.206Z" },
    { url = "https://files.pythonhosted.org/packages/97/cc/48d232f33d60e2e2e0b42f4e73455b146b76ebe216487e862700457fbf3c/uvloop-0.22.1-cp314-cp314t-musllinux_1_2_aarch64.whl", hash = "sha256:daf620c2995d193449393d6c62131b3fbd40a63bf7b307a1527856ace637fe88", size = 4328384, upload-time = "2025-10-16T22:16:59.36Z" },
    { url = "https://files.pythonhosted.org/packages/e4/16/c1fd27e9549f3c4baf1dc9c20c456cd2f822dbf8de9f463824b0c0357e06/uvloop-0.22.1-cp314-cp314t-musllinux_1_2_x86_64.whl", hash = "sha256:6cde23eeda1a25c75b2e07d39970f3374105d5eafbaab2a4482be82f272d5a5e", size = 4296730, upload-time = "2025-10-16T22:17:00.744Z" },
]

[[package]]
name = "watchdog"
version = "4.0.1"
source = { registry = "https://pypi.org/simple" }
sdist = { url = "https://files.pythonhosted.org/packages/1b/f9/b01e4632aed9a6ecc2b3e501feffd3af5aa0eb4e3b0283fc9525bf503c38/watchdog-4.0.1.tar.gz", hash = "sha256:eebaacf674fa25511e8867028d281e602ee6500045b57f43b08778082f7f8b44", size = 126583, upload-time = "2024-05-23T16:12:28.625Z" }
wheels = [
    { url = "https://files.pythonhosted.org/packages/3a/36/28ce38b960f2bf1e1be573d85e8127c9ac66b4de63a7bef3f61b3f77ce57/watchdog-4.0.1-py3-none-manylinux2014_aarch64.whl", hash = "sha256:dddba7ca1c807045323b6af4ff80f5ddc4d654c8bce8317dde1bd96b128ed253", size = 83011, upload-time = "2024-05-23T16:12:10.641Z" },
    { url = "https://files.pythonhosted.org/packages/05/7b/efc5b4134c97f08b161faa703327cde3fe647c5c48c156fde0c343471095/watchdog-4.0.1-py3-none-manylinux2014_armv7l.whl", hash = "sha256:4513ec234c68b14d4161440e07f995f231be21a09329051e67a2118a7a612d2d", size = 83009, upload-time = "2024-05-23T16:12:12.692Z" },
    { url = "https://files.pythonhosted.org/packages/c3/bb/1fac328ba90ea091ef04e7bdefe638a933076530d802c1b1cf1f03fe7e89/watchdog-4.0.1-py3-none-manylinux2014_i686.whl", hash = "sha256:4107ac5ab936a63952dea2a46a734a23230aa2f6f9db1291bf171dac3ebd53c6", size = 83011, upload-time = "2024-05-23T16:12:14.093Z" },
    { url = "https://files.pythonhosted.org/packages/ce/df/c8719022af772d9f75f1c49af453a48a785a45295bca1ce4f3f55b9923af/watchdog-4.0.1-py3-none-manylinux2014_ppc64.whl", hash = "sha256:6e8c70d2cd745daec2a08734d9f63092b793ad97612470a0ee4cbb8f5f705c57", size = 83012, upload-time = "2024-05-23T16:12:15.893Z" },
    { url = "https://files.pythonhosted.org/packages/b0/d5/7285d52e7a7ffce2ae0b21a98dbbed345bcb227672a4268eb26d046d8d41/watchdog-4.0.1-py3-none-manylinux2014_ppc64le.whl", hash = "sha256:f27279d060e2ab24c0aa98363ff906d2386aa6c4dc2f1a374655d4e02a6c5e5e", size = 83011, upload-time = "2024-05-23T16:12:17.545Z" },
    { url = "https://files.pythonhosted.org/packages/2a/09/4b07dc8dd1a9f67a7acfbc084f26fc35ee8a2e4feeb0a2c98fe9a1ef196c/watchdog-4.0.1-py3-none-manylinux2014_s390x.whl", hash = "sha256:f8affdf3c0f0466e69f5b3917cdd042f89c8c63aebdb9f7c078996f607cdb0f5", size = 83009, upload-time = "2024-05-23T16:12:19.496Z" },
    { url = "https://files.pythonhosted.org/packages/24/01/a4034a94a5f1828eb050230e7cf13af3ac23cf763512b6afe008d3def97c/watchdog-4.0.1-py3-none-manylinux2014_x86_64.whl", hash = "sha256:ac7041b385f04c047fcc2951dc001671dee1b7e0615cde772e84b01fbf68ee84", size = 83012, upload-time = "2024-05-23T16:12:21.754Z" },
    { url = "https://files.pythonhosted.org/packages/8f/5e/c0d7dad506adedd584188578901871fe923abf6c0c5dc9e79d9be5c7c24e/watchdog-4.0.1-py3-none-win32.whl", hash = "sha256:206afc3d964f9a233e6ad34618ec60b9837d0582b500b63687e34011e15bb429", size = 82996, upload-time = "2024-05-23T16:12:23.167Z" },
    { url = "https://files.pythonhosted.org/packages/85/e0/2a9f43008902427b5f074c497705d6ef8f815c85d4bc25fbf83f720a6159/watchdog-4.0.1-py3-none-win_amd64.whl", hash = "sha256:7577b3c43e5909623149f76b099ac49a1a01ca4e167d1785c76eb52fa585745a", size = 83002, upload-time = "2024-05-23T16:12:24.981Z" },
    { url = "https://files.pythonhosted.org/packages/db/54/23e5845ef68e1817b3792b2a11fb2088d7422814d41af8186d9058c4ff07/watchdog-4.0.1-py3-none-win_ia64.whl", hash = "sha256:d7b9f5f3299e8dd230880b6c55504a1f69cf1e4316275d1b215ebdd8187ec88d", size = 83002, upload-time = "2024-05-23T16:12:27.101Z" },
]

[[package]]
name = "wcwidth"
version = "0.6.0"
source = { registry = "https://pypi.org/simple" }
sdist = { url = "https://files.pythonhosted.org/packages/35/a2/8e3becb46433538a38726c948d3399905a4c7cabd0df578ede5dc51f0ec2/wcwidth-0.6.0.tar.gz", hash = "sha256:cdc4e4262d6ef9a1a57e018384cbeb1208d8abbc64176027e2c2455c81313159", size = 159684, upload-time = "2026-02-06T19:19:40.919Z" }
wheels = [
    { url = "https://files.pythonhosted.org/packages/68/5a/199c59e0a824a3db2b89c5d2dade7ab5f9624dbf6448dc291b46d5ec94d3/wcwidth-0.6.0-py3-none-any.whl", hash = "sha256:1a3a1e510b553315f8e146c54764f4fb6264ffad731b3d78088cdb1478ffbdad", size = 94189, upload-time = "2026-02-06T19:19:39.646Z" },
]
